
Microsoft Visual Studio Solution File, Format Version 12.00
# Visual Studio Version 17
VisualStudioVersion = 17.3.32825.248
MinimumVisualStudioVersion = 10.0.40219.1
Project("{2150E333-8FDC-42A3-9474-1A3956D46DE8}") = "src", "src", "{9B7727A9-8643-42EB-8EA8-69D7E9969C03}"
EndProject
Project("{9A19103F-16F7-4668-BE54-9A1E7A4F7556}") = "WebApp", "..\solid-performers.github.io/src\WebApp\WebApp.csproj", "{F829B951-59F2-470A-9679-86E5BF913E96}"
EndProject
Global
	GlobalSection(SolutionConfigurationPlatforms) = preSolution
		Debug|Any CPU = Debug|Any CPU
		Release|Any CPU = Release|Any CPU
	EndGlobalSection
	GlobalSection(ProjectConfigurationPlatforms) = postSolution
		{F829B951-59F2-470A-9679-86E5BF913E96}.Debug|Any CPU.ActiveCfg = Debug|Any CPU
		{F829B951-59F2-470A-9679-86E5BF913E96}.Debug|Any CPU.Build.0 = Debug|Any CPU
		{F829B951-59F2-470A-9679-86E5BF913E96}.Release|Any CPU.ActiveCfg = Release|Any CPU
		{F829B951-59F2-470A-9679-86E5BF913E96}.Release|Any CPU.Build.0 = Release|Any CPU
	EndGlobalSection
	GlobalSection(SolutionProperties) = preSolution
		HideSolutionNode = FALSE
	EndGlobalSection
	GlobalSection(NestedProjects) = preSolution
		{F829B951-59F2-470A-9679-86E5BF913E96} = {9B7727A9-8643-42EB-8EA8-69D7E9969C03}
	EndGlobalSection
	GlobalSection(ExtensibilityGlobals) = postSolution
		SolutionGuid = {9DFAF93E-0987-4EAE-92FF-9811D00D2C5C}
	EndGlobalSection
EndGlobal
